{"filter":false,"title":"Gemfile.lock","tooltip":"/twitter/Gemfile.lock","undoManager":{"mark":-1,"position":-1,"stack":[]},"ace":{"folds":[],"scrolltop":686,"scrollleft":0,"selection":{"start":{"row":0,"column":0},"end":{"row":0,"column":0},"isBackwards":false},"options":{"guessTabSize":true,"useWrapMode":false,"wrapToView":true},"firstLineState":{"row":48,"state":"start","mode":"ace/mode/text"}},"timestamp":1567454839475,"hash":"fb6fc1e5f7ed7a338d035d39ab48513fd0b63622"}